// !$*UTF8*$!
{
	archiveVersion = 1;
	classes = {
	};
	objectVersion = 48;
	objects = {

/* Begin PBXBuildFile section */
		225E5AF32068E7B80043942B /* AppDelegate.swift in Sources */ = {isa = PBXBuildFile; fileRef = 225E5AF22068E7B80043942B /* AppDelegate.swift */; };
		225E5AF52068E7B80043942B /* ViewController.swift in Sources */ = {isa = PBXBuildFile; fileRef = 225E5AF42068E7B80043942B /* ViewController.swift */; };
		225E5AF82068E7B80043942B /* Main.storyboard in Resources */ = {isa = PBXBuildFile; fileRef = 225E5AF62068E7B80043942B /* Main.storyboard */; };
		225E5AFA2068E7B80043942B /* Assets.xcassets in Resources */ = {isa = PBXBuildFile; fileRef = 225E5AF92068E7B80043942B /* Assets.xcassets */; };
		225E5AFD2068E7B80043942B /* LaunchScreen.storyboard in Resources */ = {isa = PBXBuildFile; fileRef = 225E5AFB2068E7B80043942B /* LaunchScreen.storyboard */; };
		225E5B082068E7B80043942B /* DigitalClockTests.swift in Sources */ = {isa = PBXBuildFile; fileRef = 225E5B072068E7B80043942B /* DigitalClockTests.swift */; };
		225E5B132068E7B80043942B /* DigitalClockUITests.swift in Sources */ = {isa = PBXBuildFile; fileRef = 225E5B122068E7B80043942B /* DigitalClockUITests.swift */; };
		225E5B232068E7FA0043942B /* 29633927_1988295064575552_339178626_o.jpg in Resources */ = {isa = PBXBuildFile; fileRef = 225E5B212068E7FA0043942B /* 29633927_1988295064575552_339178626_o.jpg */; };
		225E5B242068E7FA0043942B /* Lets-go-Digital-Regular.ttf in Resources */ = {isa = PBXBuildFile; fileRef = 225E5B222068E7FA0043942B /* Lets-go-Digital-Regular.ttf */; };
/* End PBXBuildFile section */

/* Begin PBXContainerItemProxy section */
		225E5B042068E7B80043942B /* PBXContainerItemProxy */ = {
			isa = PBXContainerItemProxy;
			containerPortal = 225E5AE72068E7B80043942B /* Project object */;
			proxyType = 1;
			remoteGlobalIDString = 225E5AEE2068E7B80043942B;
			remoteInfo = DigitalClock;
		};
		225E5B0F2068E7B80043942B /* PBXContainerItemProxy */ = {
			isa = PBXContainerItemProxy;
			containerPortal = 225E5AE72068E7B80043942B /* Project object */;
			proxyType = 1;
			remoteGlobalIDString = 225E5AEE2068E7B80043942B;
			remoteInfo = DigitalClock;
		};
/* End PBXContainerItemProxy section */

/* Begin PBXFileReference section */
		225E5AEF2068E7B80043942B /* DigitalClock.app */ = {isa = PBXFileReference; explicitFileType = wrapper.application; includeInIndex = 0; path = DigitalClock.app; sourceTree = BUILT_PRODUCTS_DIR; };
		225E5AF22068E7B80043942B /* AppDelegate.swift */ = {isa = PBXFileReference; lastKnownFileType = sourcecode.swift; path = AppDelegate.swift; sourceTree = "<group>"; };
		225E5AF42068E7B80043942B /* ViewController.swift */ = {isa = PBXFileReference; lastKnownFileType = sourcecode.swift; path = ViewController.swift; sourceTree = "<group>"; };
		225E5AF72068E7B80043942B /* Base */ = {isa = PBXFileReference; lastKnownFileType = file.storyboard; name = Base; path = Base.lproj/Main.storyboard; sourceTree = "<group>"; };
		225E5AF92068E7B80043942B /* Assets.xcassets */ = {isa = PBXFileReference; lastKnownFileType = folder.assetcatalog; path = Assets.xcassets; sourceTree = "<group>"; };
		225E5AFC2068E7B80043942B /* Base */ = {isa = PBXFileReference; lastKnownFileType = file.storyboard; name = Base; path = Base.lproj/LaunchScreen.storyboard; sourceTree = "<group>"; };
		225E5AFE2068E7B80043942B /* Info.plist */ = {isa = PBXFileReference; lastKnownFileType = text.plist.xml; path = Info.plist; sourceTree = "<group>"; };
		225E5B032068E7B80043942B /* DigitalClockTests.xctest */ = {isa = PBXFileReference; explicitFileType = wrapper.cfbundle; includeInIndex = 0; path = DigitalClockTests.xctest; sourceTree = BUILT_PRODUCTS_DIR; };
		225E5B072068E7B80043942B /* DigitalClockTests.swift */ = {isa = PBXFileReference; lastKnownFileType = sourcecode.swift; path = DigitalClockTests.swift; sourceTree = "<group>"; };
		225E5B092068E7B80043942B /* Info.plist */ = {isa = PBXFileReference; lastKnownFileType = text.plist.xml; path = Info.plist; sourceTree = "<group>"; };
		225E5B0E2068E7B80043942B /* DigitalClockUITests.xctest */ = {isa = PBXFileReference; explicitFileType = wrapper.cfbundle; includeInIndex = 0; path = DigitalClockUITests.xctest; sourceTree = BUILT_PRODUCTS_DIR; };
		225E5B122068E7B80043942B /* DigitalClockUITests.swift */ = {isa = PBXFileReference; lastKnownFileType = sourcecode.swift; path = DigitalClockUITests.swift; sourceTree = "<group>"; };
		225E5B142068E7B80043942B /* Info.plist */ = {isa = PBXFileReference; lastKnownFileType = text.plist.xml; path = Info.plist; sourceTree = "<group>"; };
		225E5B212068E7FA0043942B /* 29633927_1988295064575552_339178626_o.jpg */ = {isa = PBXFileReference; lastKnownFileType = image.jpeg; name = 29633927_1988295064575552_339178626_o.jpg; path = ../../../Downloads/29633927_1988295064575552_339178626_o.jpg; sourceTree = "<group>"; };
		225E5B222068E7FA0043942B /* Lets-go-Digital-Regular.ttf */ = {isa = PBXFileReference; lastKnownFileType = file; name = "Lets-go-Digital-Regular.ttf"; path = "../../../Downloads/Lets-go-Digital-Regular.ttf"; sourceTree = "<group>"; };
/* End PBXFileReference section */

/* Begin PBXFrameworksBuildPhase section */
		225E5AEC2068E7B80043942B /* Frameworks */ = {
			isa = PBXFrameworksBuildPhase;
			buildActionMask = 2147483647;
			files = (
			);
			runOnlyForDeploymentPostprocessing = 0;
		};
		225E5B002068E7B80043942B /* Frameworks */ = {
			isa = PBXFrameworksBuildPhase;
			buildActionMask = 2147483647;
			files = (
			);
			runOnlyForDeploymentPostprocessing = 0;
		};
		225E5B0B2068E7B80043942B /* Frameworks */ = {
			isa = PBXFrameworksBuildPhase;
			buildActionMask = 2147483647;
			files = (
			);
			runOnlyForDeploymentPostprocessing = 0;
		};
/* End PBXFrameworksBuildPhase section */

/* Begin PBXGroup section */
		225E5AE62068E7B80043942B = {
			isa = PBXGroup;
			children = (
				225E5AF12068E7B80043942B /* DigitalClock */,
				225E5B062068E7B80043942B /* DigitalClockTests */,
				225E5B112068E7B80043942B /* DigitalClockUITests */,
				225E5AF02068E7B80043942B /* Products */,
				225E5B202068E7CA0043942B /* Resource */,
			);
			sourceTree = "<group>";
		};
		225E5AF02068E7B80043942B /* Products */ = {
			isa = PBXGroup;
			children = (
				225E5AEF2068E7B80043942B /* DigitalClock.app */,
				225E5B032068E7B80043942B /* DigitalClockTests.xctest */,
				225E5B0E2068E7B80043942B /* DigitalClockUITests.xctest */,
			);
			name = Products;
			sourceTree = "<group>";
		};
		225E5AF12068E7B80043942B /* DigitalClock */ = {
			isa = PBXGroup;
			children = (
				225E5AF22068E7B80043942B /* AppDelegate.swift */,
				225E5AF42068E7B80043942B /* ViewController.swift */,
				225E5AF62068E7B80043942B /* Main.storyboard */,
				225E5AF92068E7B80043942B /* Assets.xcassets */,
				225E5AFB2068E7B80043942B /* LaunchScreen.storyboard */,
				225E5AFE2068E7B80043942B /* Info.plist */,
			);
			path = DigitalClock;
			sourceTree = "<group>";
		};
		225E5B062068E7B80043942B /* DigitalClockTests */ = {
			isa = PBXGroup;
			children = (
				225E5B072068E7B80043942B /* DigitalClockTests.swift */,
				225E5B092068E7B80043942B /* Info.plist */,
			);
			path = DigitalClockTests;
			sourceTree = "<group>";
		};
		225E5B112068E7B80043942B /* DigitalClockUITests */ = {
			isa = PBXGroup;
			children = (
				225E5B122068E7B80043942B /* DigitalClockUITests.swift */,
				225E5B142068E7B80043942B /* Info.plist */,
			);
			path = DigitalClockUITests;
			sourceTree = "<group>";
		};
		225E5B202068E7CA0043942B /* Resource */ = {
			isa = PBXGroup;
			children = (
				225E5B212068E7FA0043942B /* 29633927_1988295064575552_339178626_o.jpg */,
				225E5B222068E7FA0043942B /* Lets-go-Digital-Regular.ttf */,
			);
			path = Resource;
			sourceTree = "<group>";
		};
/* End PBXGroup section */

/* Begin PBXNativeTarget section */
		225E5AEE2068E7B80043942B /* DigitalClock */ = {
			isa = PBXNativeTarget;
			buildConfigurationList = 225E5B172068E7B80043942B /* Build configuration list for PBXNativeTarget "DigitalClock" */;
			buildPhases = (
				225E5AEB2068E7B80043942B /* Sources */,
				225E5AEC2068E7B80043942B /* Frameworks */,
				225E5AED2068E7B80043942B /* Resources */,
			);
			buildRules = (
			);
			dependencies = (
			);
			name = DigitalClock;
			productName = DigitalClock;
			productReference = 225E5AEF2068E7B80043942B /* DigitalClock.app */;
			productType = "com.apple.product-type.application";
		};
		225E5B022068E7B80043942B /* DigitalClockTests */ = {
			isa = PBXNativeTarget;
			buildConfigurationList = 225E5B1A2068E7B80043942B /* Build configuration list for PBXNativeTarget "DigitalClockTests" */;
			buildPhases = (
				225E5AFF2068E7B80043942B /* Sources */,
				225E5B002068E7B80043942B /* Frameworks */,
				225E5B012068E7B80043942B /* Resources */,
			);
			buildRules = (
			);
			dependencies = (
				225E5B052068E7B80043942B /* PBXTargetDependency */,
			);
			name = DigitalClockTests;
			productName = DigitalClockTests;
			productReference = 225E5B032068E7B80043942B /* DigitalClockTests.xctest */;
			productType = "com.apple.product-type.bundle.unit-test";
		};
		225E5B0D2068E7B80043942B /* DigitalClockUITests */ = {
			isa = PBXNativeTarget;
			buildConfigurationList = 225E5B1D2068E7B80043942B /* Build configuration list for PBXNativeTarget "DigitalClockUITests" */;
			buildPhases = (
				225E5B0A2068E7B80043942B /* Sources */,
				225E5B0B2068E7B80043942B /* Frameworks */,
				225E5B0C2068E7B80043942B /* Resources */,
			);
			buildRules = (
			);
			dependencies = (
				225E5B102068E7B80043942B /* PBXTargetDependency */,
			);
			name = DigitalClockUITests;
			productName = DigitalClockUITests;
			productReference = 225E5B0E2068E7B80043942B /* DigitalClockUITests.xctest */;
			productType = "com.apple.product-type.bundle.ui-testing";
		};
/* End PBXNativeTarget section */

/* Begin PBXProject section */
		225E5AE72068E7B80043942B /* Project object */ = {
			isa = PBXProject;
			attributes = {
				LastSwiftUpdateCheck = 0920;
				LastUpgradeCheck = 0920;
				ORGANIZATIONNAME = "MAC OS";
				TargetAttributes = {
					225E5AEE2068E7B80043942B = {
						CreatedOnToolsVersion = 9.2;
						ProvisioningStyle = Automatic;
					};
					225E5B022068E7B80043942B = {
						CreatedOnToolsVersion = 9.2;
						ProvisioningStyle = Automatic;
						TestTargetID = 225E5AEE2068E7B80043942B;
					};
					225E5B0D2068E7B80043942B = {
						CreatedOnToolsVersion = 9.2;
						ProvisioningStyle = Automatic;
						TestTargetID = 225E5AEE2068E7B80043942B;
					};
				};
			};
			buildConfigurationList = 225E5AEA2068E7B80043942B /* Build configuration list for PBXProject "DigitalClock" */;
			compatibilityVersion = "Xcode 8.0";
			developmentRegion = en;
			hasScannedForEncodings = 0;
			knownRegions = (
				en,
				Base,
			);
			mainGroup = 225E5AE62068E7B80043942B;
			productRefGroup = 225E5AF02068E7B80043942B /* Products */;
			projectDirPath = "";
			projectRoot = "";
			targets = (
				225E5AEE2068E7B80043942B /* DigitalClock */,
				225E5B022068E7B80043942B /* DigitalClockTests */,
				225E5B0D2068E7B80043942B /* DigitalClockUITests */,
			);
		};
/* End PBXProject section */

/* Begin PBXResourcesBuildPhase section */
		225E5AED2068E7B80043942B /* Resources */ = {
			isa = PBXResourcesBuildPhase;
			buildActionMask = 2147483647;
			files = (
				225E5AFD2068E7B80043942B /* LaunchScreen.storyboard in Resources */,
				225E5AFA2068E7B80043942B /* Assets.xcassets in Resources */,
				225E5AF82068E7B80043942B /* Main.storyboard in Resources */,
				225E5B232068E7FA0043942B /* 29633927_1988295064575552_339178626_o.jpg in Resources */,
				225E5B242068E7FA0043942B /* Lets-go-Digital-Regular.ttf in Resources */,
			);
			runOnlyForDeploymentPostprocessing = 0;
		};
		225E5B012068E7B80043942B /* Resources */ = {
			isa = PBXResourcesBuildPhase;
			buildActionMask = 2147483647;
			files = (
			);
			runOnlyForDeploymentPostprocessing = 0;
		};
		225E5B0C2068E7B80043942B /* Resources */ = {
			isa = PBXResourcesBuildPhase;
			buildActionMask = 2147483647;
			files = (
			);
			runOnlyForDeploymentPostprocessing = 0;
		};
/* End PBXResourcesBuildPhase section */

/* Begin PBXSourcesBuildPhase section */
		225E5AEB2068E7B80043942B /* Sources */ = {
			isa = PBXSourcesBuildPhase;
			buildActionMask = 2147483647;
			files = (
				225E5AF52068E7B80043942B /* ViewController.swift in Sources */,
				225E5AF32068E7B80043942B /* AppDelegate.swift in Sources */,
			);
			runOnlyForDeploymentPostprocessing = 0;
		};
		225E5AFF2068E7B80043942B /* Sources */ = {
			isa = PBXSourcesBuildPhase;
			buildActionMask = 2147483647;
			files = (
				225E5B082068E7B80043942B /* DigitalClockTests.swift in Sources */,
			);
			runOnlyForDeploymentPostprocessing = 0;
		};
		225E5B0A2068E7B80043942B /* Sources */ = {
			isa = PBXSourcesBuildPhase;
			buildActionMask = 2147483647;
			files = (
				225E5B132068E7B80043942B /* DigitalClockUITests.swift in Sources */,
			);
			runOnlyForDeploymentPostprocessing = 0;
		};
/* End PBXSourcesBuildPhase section */

/* Begin PBXTargetDependency section */
		225E5B052068E7B80043942B /* PBXTargetDependency */ = {
			isa = PBXTargetDependency;
			target = 225E5AEE2068E7B80043942B /* DigitalClock */;
			targetProxy = 225E5B042068E7B80043942B /* PBXContainerItemProxy */;
		};
		225E5B102068E7B80043942B /* PBXTargetDependency */ = {
			isa = PBXTargetDependency;
			target = 225E5AEE2068E7B80043942B /* DigitalClock */;
			targetProxy = 225E5B0F2068E7B80043942B /* PBXContainerItemProxy */;
		};
/* End PBXTargetDependency section */

/* Begin PBXVariantGroup section */
		225E5AF62068E7B80043942B /* Main.storyboard */ = {
			isa = PBXVariantGroup;
			children = (
				225E5AF72068E7B80043942B /* Base */,
			);
			name = Main.storyboard;
			sourceTree = "<group>";
		};
		225E5AFB2068E7B80043942B /* LaunchScreen.storyboard */ = {
			isa = PBXVariantGroup;
			children = (
				225E5AFC2068E7B80043942B /* Base */,
			);
			name = LaunchScreen.storyboard;
			sourceTree = "<group>";
		};
/* End PBXVariantGroup section */

/* Begin XCBuildConfiguration section */
		225E5B152068E7B80043942B /* Debug */ = {
			isa = XCBuildConfiguration;
			buildSettings = {
				ALWAYS_SEARCH_USER_PATHS = NO;
				CLANG_ANALYZER_NONNULL = YES;
				CLANG_ANALYZER_NUMBER_OBJECT_CONVERSION = YES_AGGRESSIVE;
				CLANG_CXX_LANGUAGE_STANDARD = "gnu++14";
				CLANG_CXX_LIBRARY = "libc++";
				CLANG_ENABLE_MODULES = YES;
				CLANG_ENABLE_OBJC_ARC = YES;
				CLANG_WARN_BLOCK_CAPTURE_AUTORELEASING = YES;
				CLANG_WARN_BOOL_CONVERSION = YES;
				CLANG_WARN_COMMA = YES;
				CLANG_WARN_CONSTANT_CONVERSION = YES;
				CLANG_WARN_DIRECT_OBJC_ISA_USAGE = YES_ERROR;
				CLANG_WARN_DOCUMENTATION_COMMENTS = YES;
				CLANG_WARN_EMPTY_BODY = YES;
				CLANG_WARN_ENUM_CONVERSION = YES;
				CLANG_WARN_INFINITE_RECURSION = YES;
				CLANG_WARN_INT_CONVERSION = YES;
				CLANG_WARN_NON_LITERAL_NULL_CONVERSION = YES;
				CLANG_WARN_OBJC_LITERAL_CONVERSION = YES;
				CLANG_WARN_OBJC_ROOT_CLASS = YES_ERROR;
				CLANG_WARN_RANGE_LOOP_ANALYSIS = YES;
				CLANG_WARN_STRICT_PROTOTYPES = YES;
				CLANG_WARN_SUSPICIOUS_MOVE = YES;
				CLANG_WARN_UNGUARDED_AVAILABILITY = YES_AGGRESSIVE;
				CLANG_WARN_UNREACHABLE_CODE = YES;
				CLANG_WARN__DUPLICATE_METHOD_MATCH = YES;
				CODE_SIGN_IDENTITY = "iPhone Developer";
				COPY_PHASE_STRIP = NO;
				DEBUG_INFORMATION_FORMAT = dwarf;
				ENABLE_STRICT_OBJC_MSGSEND = YES;
				ENABLE_TESTABILITY = YES;
				GCC_C_LANGUAGE_STANDARD = gnu11;
				GCC_DYNAMIC_NO_PIC = NO;
				GCC_NO_COMMON_BLOCKS = YES;
				GCC_OPTIMIZATION_LEVEL = 0;
				GCC_PREPROCESSOR_DEFINITIONS = (
					"DEBUG=1",
					"$(inherited)",
				);
				GCC_WARN_64_TO_32_BIT_CONVERSION = YES;
				GCC_WARN_ABOUT_RETURN_TYPE = YES_ERROR;
				GCC_WARN_UNDECLARED_SELECTOR = YES;
				GCC_WARN_UNINITIALIZED_AUTOS = YES_AGGRESSIVE;
				GCC_WARN_UNUSED_FUNCTION = YES;
				GCC_WARN_UNUSED_VARIABLE = YES;
				IPHONEOS_DEPLOYMENT_TARGET = 11.2;
				MTL_ENABLE_DEBUG_INFO = YES;
				ONLY_ACTIVE_ARCH = YES;
				SDKROOT = iphoneos;
				SWIFT_ACTIVE_COMPILATION_CONDITIONS = DEBUG;
				SWIFT_OPTIMIZATION_LEVEL = "-Onone";
			};
			name = Debug;
		};
		225E5B162068E7B80043942B /* Release */ = {
			isa = XCBuildConfiguration;
			buildSettings = {
				ALWAYS_SEARCH_USER_PATHS = NO;
				CLANG_ANALYZER_NONNULL = YES;
				CLANG_ANALYZER_NUMBER_OBJECT_CONVERSION = YES_AGGRESSIVE;
				CLANG_CXX_LANGUAGE_STANDARD = "gnu++14";
				CLANG_CXX_LIBRARY = "libc++";
				CLANG_ENABLE_MODULES = YES;
				CLANG_ENABLE_OBJC_ARC = YES;
				CLANG_WARN_BLOCK_CAPTURE_AUTORELEASING = YES;
				CLANG_WARN_BOOL_CONVERSION = YES;
				CLANG_WARN_COMMA = YES;
				CLANG_WARN_CONSTANT_CONVERSION = YES;
				CLANG_WARN_DIRECT_OBJC_ISA_USAGE = YES_ERROR;
				CLANG_WARN_DOCUMENTATION_COMMENTS = YES;
				CLANG_WARN_EMPTY_BODY = YES;
				CLANG_WARN_ENUM_CONVERSION = YES;
				CLANG_WARN_INFINITE_RECURSION = YES;
				CLANG_WARN_INT_CONVERSION = YES;
				CLANG_WARN_NON_LITERAL_NULL_CONVERSION = YES;
				CLANG_WARN_OBJC_LITERAL_CONVERSION = YES;
				CLANG_WARN_OBJC_ROOT_CLASS = YES_ERROR;
				CLANG_WARN_RANGE_LOOP_ANALYSIS = YES;
				CLANG_WARN_STRICT_PROTOTYPES = YES;
				CLANG_WARN_SUSPICIOUS_MOVE = YES;
				CLANG_WARN_UNGUARDED_AVAILABILITY = YES_AGGRESSIVE;
				CLANG_WARN_UNREACHABLE_CODE = YES;
				CLANG_WARN__DUPLICATE_METHOD_MATCH = YES;
				CODE_SIGN_IDENTITY = "iPhone Developer";
				COPY_PHASE_STRIP = NO;
				DEBUG_INFORMATION_FORMAT = "dwarf-with-dsym";
				ENABLE_NS_ASSERTIONS = NO;
				ENABLE_STRICT_OBJC_MSGSEND = YES;
				GCC_C_LANGUAGE_STANDARD = gnu11;
				GCC_NO_COMMON_BLOCKS = YES;
				GCC_WARN_64_TO_32_BIT_CONVERSION = YES;
				GCC_WARN_ABOUT_RETURN_TYPE = YES_ERROR;
				GCC_WARN_UNDECLARED_SELECTOR = YES;
				GCC_WARN_UNINITIALIZED_AUTOS = YES_AGGRESSIVE;
				GCC_WARN_UNUSED_FUNCTION = YES;
				GCC_WARN_UNUSED_VARIABLE = YES;
				IPHONEOS_DEPLOYMENT_TARGET = 11.2;
				MTL_ENABLE_DEBUG_INFO = NO;
				SDKROOT = iphoneos;
				SWIFT_OPTIMIZATION_LEVEL = "-Owholemodule";
				VALIDATE_PRODUCT = YES;
			};
			name = Release;
		};
		225E5B182068E7B80043942B /* Debug */ = {
			isa = XCBuildConfiguration;
			buildSettings = {
				ASSETCATALOG_COMPILER_APPICON_NAME = AppIcon;
				CODE_SIGN_STYLE = Automatic;
				INFOPLIST_FILE = DigitalClock/Info.plist;
				LD_RUNPATH_SEARCH_PATHS = "$(inherited) @executable_path/Frameworks";
				PRODUCT_BUNDLE_IDENTIFIER = personal.com.DigitalClock;
				PRODUCT_NAME = "$(TARGET_NAME)";
				SWIFT_VERSION = 4.0;
				TARGETED_DEVICE_FAMILY = "1,2";
			};
			name = Debug;
		};
		225E5B192068E7B80043942B /* Release */ = {
			isa = XCBuildConfiguration;
			buildSettings = {
				ASSETCATALOG_COMPILER_APPICON_NAME = AppIcon;
				CODE_SIGN_STYLE = Automatic;
				INFOPLIST_FILE = DigitalClock/Info.plist;
				LD_RUNPATH_SEARCH_PATHS = "$(inherited) @executable_path/Frameworks";
				PRODUCT_BUNDLE_IDENTIFIER = personal.com.DigitalClock;
				PRODUCT_NAME = "$(TARGET_NAME)";
				SWIFT_VERSION = 4.0;
				TARGETED_DEVICE_FAMILY = "1,2";
			};
			name = Release;
		};
		225E5B1B2068E7B80043942B /* Debug */ = {
			isa = XCBuildConfiguration;
			buildSettings = {
				ALWAYS_EMBED_SWIFT_STANDARD_LIBRARIES = YES;
				BUNDLE_LOADER = "$(TEST_HOST)";
				CODE_SIGN_STYLE = Automatic;
				INFOPLIST_FILE = DigitalClockTests/Info.plist;
				LD_RUNPATH_SEARCH_PATHS = "$(inherited) @executable_path/Frameworks @loader_path/Frameworks";
				PRODUCT_BUNDLE_IDENTIFIER = personal.com.DigitalClockTests;
				PRODUCT_NAME = "$(TARGET_NAME)";
				SWIFT_VERSION = 4.0;
				TARGETED_DEVICE_FAMILY = "1,2";
				TEST_HOST = "$(BUILT_PRODUCTS_DIR)/DigitalClock.app/DigitalClock";
			};
			name = Debug;
		};
		225E5B1C2068E7B80043942B /* Release */ = {
			isa = XCBuildConfiguration;
			buildSettings = {
				ALWAYS_EMBED_SWIFT_STANDARD_LIBRARIES = YES;
				BUNDLE_LOADER = "$(TEST_HOST)";
				CODE_SIGN_STYLE = Automatic;
				INFOPLIST_FILE = DigitalClockTests/Info.plist;
				LD_RUNPATH_SEARCH_PATHS = "$(inherited) @executable_path/Frameworks @loader_path/Frameworks";
				PRODUCT_BUNDLE_IDENTIFIER = personal.com.DigitalClockTests;
				PRODUCT_NAME = "$(TARGET_NAME)";
				SWIFT_VERSION = 4.0;
				TARGETED_DEVICE_FAMILY = "1,2";
				TEST_HOST = "$(BUILT_PRODUCTS_DIR)/DigitalClock.app/DigitalClock";
			};
			name = Release;
		};
		225E5B1E2068E7B80043942B /* Debug */ = {
			isa = XCBuildConfiguration;
			buildSettings = {
				ALWAYS_EMBED_SWIFT_STANDARD_LIBRARIES = YES;
				CODE_SIGN_STYLE = Automatic;
				INFOPLIST_FILE = DigitalClockUITests/Info.plist;
				LD_RUNPATH_SEARCH_PATHS = "$(inherited) @executable_path/Frameworks @loader_path/Frameworks";
				PRODUCT_BUNDLE_IDENTIFIER = personal.com.DigitalClockUITests;
				PRODUCT_NAME = "$(TARGET_NAME)";
				SWIFT_VERSION = 4.0;
				TARGETED_DEVICE_FAMILY = "1,2";
				TEST_TARGET_NAME = DigitalClock;
			};
			name = Debug;
		};
		225E5B1F2068E7B80043942B /* Release */ = {
			isa = XCBuildConfiguration;
			buildSettings = {
				ALWAYS_EMBED_SWIFT_STANDARD_LIBRARIES = YES;
				CODE_SIGN_STYLE = Automatic;
				INFOPLIST_FILE = DigitalClockUITests/Info.plist;
				LD_RUNPATH_SEARCH_PATHS = "$(inherited) @executable_path/Frameworks @loader_path/Frameworks";
				PRODUCT_BUNDLE_IDENTIFIER = personal.com.DigitalClockUITests;
				PRODUCT_NAME = "$(TARGET_NAME)";
				SWIFT_VERSION = 4.0;
				TARGETED_DEVICE_FAMILY = "1,2";
				TEST_TARGET_NAME = DigitalClock;
			};
			name = Release;
		};
/* End XCBuildConfiguration section */

/* Begin XCConfigurationList section */
		225E5AEA2068E7B80043942B /* Build configuration list for PBXProject "DigitalClock" */ = {
			isa = XCConfigurationList;
			buildConfigurations = (
				225E5B152068E7B80043942B /* Debug */,
				225E5B162068E7B80043942B /* Release */,
			);
			defaultConfigurationIsVisible = 0;
			defaultConfigurationName = Release;
		};
		225E5B172068E7B80043942B /* Build configuration list for PBXNativeTarget "DigitalClock" */ = {
			isa = XCConfigurationList;
			buildConfigurations = (
				225E5B182068E7B80043942B /* Debug */,
				225E5B192068E7B80043942B /* Release */,
			);
			defaultConfigurationIsVisible = 0;
			defaultConfigurationName = Release;
		};
		225E5B1A2068E7B80043942B /* Build configuration list for PBXNativeTarget "DigitalClockTests" */ = {
			isa = XCConfigurationList;
			buildConfigurations = (
				225E5B1B2068E7B80043942B /* Debug */,
				225E5B1C2068E7B80043942B /* Release */,
			);
			defaultConfigurationIsVisible = 0;
			defaultConfigurationName = Release;
		};
		225E5B1D2068E7B80043942B /* Build configuration list for PBXNativeTarget "DigitalClockUITests" */ = {
			isa = XCConfigurationList;
			buildConfigurations = (
				225E5B1E2068E7B80043942B /* Debug */,
				225E5B1F2068E7B80043942B /* Release */,
			);
			defaultConfigurationIsVisible = 0;
			defaultConfigurationName = Release;
		};
/* End XCConfigurationList section */
	};
	rootObject = 225E5AE72068E7B80043942B /* Project object */;
}
